
Microsoft Visual Studio Solution File, Format Version 12.00
# Visual Studio 15
VisualStudioVersion = 15.0.27428.2015
MinimumVisualStudioVersion = 10.0.40219.1
Project("{8BC9CEB8-8B4A-11D0-8D11-00A0C91BC942}") = "client", "cl_dll\msvc\client.vcxproj", "{BE1A2217-86F6-4A6F-8AE9-86B4796C80A5}"
EndProject
Project("{8BC9CEB8-8B4A-11D0-8D11-00A0C91BC942}") = "hl", "dlls\msvc\hl.vcxproj", "{9A8C60F8-0F08-49CD-ABDB-131AAADEE359}"
EndProject
Project("{8BC9CEB8-8B4A-11D0-8D11-00A0C91BC942}") = "tier1", "source_sdk\tier1\tier1.vcxproj", "{771EB322-1FCE-49E8-9D44-26425570F53A}"
EndProject
Project("{8BC9CEB8-8B4A-11D0-8D11-00A0C91BC942}") = "vgui2_controls", "source_sdk\vgui2\controls\vgui2_controls.vcxproj", "{E5563AA9-4D8A-4974-B0F7-14D96A8B3008}"
EndProject
Global
	GlobalSection(SolutionConfigurationPlatforms) = preSolution
		Debug|Win32 = Debug|Win32
		Debug|x64 = Debug|x64
		Release|Win32 = Release|Win32
		Release|x64 = Release|x64
	EndGlobalSection
	GlobalSection(ProjectConfigurationPlatforms) = postSolution
		{BE1A2217-86F6-4A6F-8AE9-86B4796C80A5}.Debug|Win32.ActiveCfg = Debug|Win32
		{BE1A2217-86F6-4A6F-8AE9-86B4796C80A5}.Debug|Win32.Build.0 = Debug|Win32
		{BE1A2217-86F6-4A6F-8AE9-86B4796C80A5}.Debug|x64.ActiveCfg = Debug|Win32
		{BE1A2217-86F6-4A6F-8AE9-86B4796C80A5}.Release|Win32.ActiveCfg = Release|Win32
		{BE1A2217-86F6-4A6F-8AE9-86B4796C80A5}.Release|Win32.Build.0 = Release|Win32
		{BE1A2217-86F6-4A6F-8AE9-86B4796C80A5}.Release|x64.ActiveCfg = Release|Win32
		{9A8C60F8-0F08-49CD-ABDB-131AAADEE359}.Debug|Win32.ActiveCfg = Debug|Win32
		{9A8C60F8-0F08-49CD-ABDB-131AAADEE359}.Debug|Win32.Build.0 = Debug|Win32
		{9A8C60F8-0F08-49CD-ABDB-131AAADEE359}.Debug|x64.ActiveCfg = Debug|Win32
		{9A8C60F8-0F08-49CD-ABDB-131AAADEE359}.Release|Win32.ActiveCfg = Release|Win32
		{9A8C60F8-0F08-49CD-ABDB-131AAADEE359}.Release|Win32.Build.0 = Release|Win32
		{9A8C60F8-0F08-49CD-ABDB-131AAADEE359}.Release|x64.ActiveCfg = Release|Win32
		{771EB322-1FCE-49E8-9D44-26425570F53A}.Debug|Win32.ActiveCfg = Debug|Win32
		{771EB322-1FCE-49E8-9D44-26425570F53A}.Debug|Win32.Build.0 = Debug|Win32
		{771EB322-1FCE-49E8-9D44-26425570F53A}.Debug|x64.ActiveCfg = Debug|x64
		{771EB322-1FCE-49E8-9D44-26425570F53A}.Debug|x64.Build.0 = Debug|x64
		{771EB322-1FCE-49E8-9D44-26425570F53A}.Release|Win32.ActiveCfg = Release|Win32
		{771EB322-1FCE-49E8-9D44-26425570F53A}.Release|Win32.Build.0 = Release|Win32
		{771EB322-1FCE-49E8-9D44-26425570F53A}.Release|x64.ActiveCfg = Release|x64
		{771EB322-1FCE-49E8-9D44-26425570F53A}.Release|x64.Build.0 = Release|x64
		{E5563AA9-4D8A-4974-B0F7-14D96A8B3008}.Debug|Win32.ActiveCfg = Debug|Win32
		{E5563AA9-4D8A-4974-B0F7-14D96A8B3008}.Debug|Win32.Build.0 = Debug|Win32
		{E5563AA9-4D8A-4974-B0F7-14D96A8B3008}.Debug|x64.ActiveCfg = Debug|x64
		{E5563AA9-4D8A-4974-B0F7-14D96A8B3008}.Debug|x64.Build.0 = Debug|x64
		{E5563AA9-4D8A-4974-B0F7-14D96A8B3008}.Release|Win32.ActiveCfg = Release|Win32
		{E5563AA9-4D8A-4974-B0F7-14D96A8B3008}.Release|Win32.Build.0 = Release|Win32
		{E5563AA9-4D8A-4974-B0F7-14D96A8B3008}.Release|x64.ActiveCfg = Release|x64
		{E5563AA9-4D8A-4974-B0F7-14D96A8B3008}.Release|x64.Build.0 = Release|x64
	EndGlobalSection
	GlobalSection(SolutionProperties) = preSolution
		HideSolutionNode = FALSE
	EndGlobalSection
	GlobalSection(ExtensibilityGlobals) = postSolution
		SolutionGuid = {63470CC7-29F3-496B-844C-2DE76EA3C7D7}
	EndGlobalSection
EndGlobal
