<?xml version="1.0" encoding="utf-8"?>
<Project ToolsVersion="4.0" xmlns="http://schemas.microsoft.com/developer/msbuild/2003">
  <ItemGroup>
    <Filter Include="Source Files">
      <UniqueIdentifier>{13afe585-3f59-4476-9ed4-1fd5c647b917}</UniqueIdentifier>
      <Extensions>cpp;c;cxx;rc;def;r;odl;idl;hpj;bat;for;f90</Extensions>
    </Filter>
    <Filter Include="Source Files\hl">
      <UniqueIdentifier>{a0ff5e99-fa55-4199-b0c1-57dcd09316b8}</UniqueIdentifier>
      <Extensions>*.CPP</Extensions>
    </Filter>
    <Filter Include="Header Files">
      <UniqueIdentifier>{70af8838-ee41-46b7-8d3e-a38eca8dc8d0}</UniqueIdentifier>
      <Extensions>h;hpp;hxx;hm;inl;fi;fd</Extensions>
    </Filter>
    <Filter Include="Resource Files">
      <UniqueIdentifier>{7a3f5b3e-d279-4f84-a3ed-b9cd16490df0}</UniqueIdentifier>
      <Extensions>ico;cur;bmp;dlg;rc2;rct;bin;cnt;rtf;gif;jpg;jpeg;jpe</Extensions>
    </Filter>
    <Filter Include="public">
      <UniqueIdentifier>{3464bd4e-18ae-4aa7-bb49-73f43fc7bc8c}</UniqueIdentifier>
    </Filter>
    <Filter Include="public\math">
      <UniqueIdentifier>{e7d4b280-bbd3-4ed9-a876-30ecdab9234c}</UniqueIdentifier>
    </Filter>
    <Filter Include="source_sdk">
      <UniqueIdentifier>{acac6eaa-ec72-4b10-821a-3c7692d05153}</UniqueIdentifier>
    </Filter>
    <Filter Include="source_sdk\common">
      <UniqueIdentifier>{aaef50bf-486f-4f4e-b4c0-815edfa0de9b}</UniqueIdentifier>
    </Filter>
    <Filter Include="source_sdk\public">
      <UniqueIdentifier>{b0c8825a-c5f0-4b2d-819e-310c3886151d}</UniqueIdentifier>
    </Filter>
    <Filter Include="source_sdk\public\tier0">
      <UniqueIdentifier>{93596862-9a5f-463e-b468-0ac34c9b8822}</UniqueIdentifier>
    </Filter>
    <Filter Include="source_sdk\public\vgui_controls">
      <UniqueIdentifier>{51c6e334-6a82-46b2-bc12-f23dbc8d9024}</UniqueIdentifier>
    </Filter>
    <Filter Include="vgui2">
      <UniqueIdentifier>{da135cf0-3e22-471f-b512-0f18a6c02418}</UniqueIdentifier>
    </Filter>
  </ItemGroup>
  <ItemGroup>
    <ClCompile Include="..\ammohistory.cpp">
      <Filter>Source Files</Filter>
    </ClCompile>
    <ClCompile Include="..\cdll_int.cpp">
      <Filter>Source Files</Filter>
    </ClCompile>
    <ClCompile Include="..\com_weapons.cpp">
      <Filter>Source Files</Filter>
    </ClCompile>
    <ClCompile Include="..\demo.cpp">
      <Filter>Source Files</Filter>
    </ClCompile>
    <ClCompile Include="..\entity.cpp">
      <Filter>Source Files</Filter>
    </ClCompile>
    <ClCompile Include="..\ev_common.cpp">
      <Filter>Source Files</Filter>
    </ClCompile>
    <ClCompile Include="..\events.cpp">
      <Filter>Source Files</Filter>
    </ClCompile>
    <ClCompile Include="..\GameStudioModelRenderer.cpp">
      <Filter>Source Files</Filter>
    </ClCompile>
    <ClCompile Include="..\hud_msg.cpp">
      <Filter>Source Files</Filter>
    </ClCompile>
    <ClCompile Include="..\hud_redraw.cpp">
      <Filter>Source Files</Filter>
    </ClCompile>
    <ClCompile Include="..\hud_servers.cpp">
      <Filter>Source Files</Filter>
    </ClCompile>
    <ClCompile Include="..\hud_update.cpp">
      <Filter>Source Files</Filter>
    </ClCompile>
    <ClCompile Include="..\in_camera.cpp">
      <Filter>Source Files</Filter>
    </ClCompile>
    <ClCompile Include="..\input.cpp">
      <Filter>Source Files</Filter>
    </ClCompile>
    <ClCompile Include="..\inputw32.cpp">
      <Filter>Source Files</Filter>
    </ClCompile>
    <ClCompile Include="..\overview.cpp">
      <Filter>Source Files</Filter>
    </ClCompile>
    <ClCompile Include="..\parsemsg.cpp">
      <Filter>Source Files</Filter>
    </ClCompile>
    <ClCompile Include="..\..\pm_shared\pm_debug.c">
      <Filter>Source Files</Filter>
    </ClCompile>
    <ClCompile Include="..\..\pm_shared\pm_math.c">
      <Filter>Source Files</Filter>
    </ClCompile>
    <ClCompile Include="..\..\pm_shared\pm_shared.c">
      <Filter>Source Files</Filter>
    </ClCompile>
    <ClCompile Include="..\studio_util.cpp">
      <Filter>Source Files</Filter>
    </ClCompile>
    <ClCompile Include="..\StudioModelRenderer.cpp">
      <Filter>Source Files</Filter>
    </ClCompile>
    <ClCompile Include="..\tri.cpp">
      <Filter>Source Files</Filter>
    </ClCompile>
    <ClCompile Include="..\util.cpp">
      <Filter>Source Files</Filter>
    </ClCompile>
    <ClCompile Include="..\..\game_shared\vgui_checkbutton2.cpp">
      <Filter>Source Files</Filter>
    </ClCompile>
    <ClCompile Include="..\vgui_ClassMenu.cpp">
      <Filter>Source Files</Filter>
    </ClCompile>
    <ClCompile Include="..\vgui_ConsolePanel.cpp">
      <Filter>Source Files</Filter>
    </ClCompile>
    <ClCompile Include="..\vgui_ControlConfigPanel.cpp">
      <Filter>Source Files</Filter>
    </ClCompile>
    <ClCompile Include="..\vgui_CustomObjects.cpp">
      <Filter>Source Files</Filter>
    </ClCompile>
    <ClCompile Include="..\..\game_shared\vgui_grid.cpp">
      <Filter>Source Files</Filter>
    </ClCompile>
    <ClCompile Include="..\..\game_shared\vgui_helpers.cpp">
      <Filter>Source Files</Filter>
    </ClCompile>
    <ClCompile Include="..\vgui_int.cpp">
      <Filter>Source Files</Filter>
    </ClCompile>
    <ClCompile Include="..\..\game_shared\vgui_listbox.cpp">
      <Filter>Source Files</Filter>
    </ClCompile>
    <ClCompile Include="..\..\game_shared\vgui_loadtga.cpp">
      <Filter>Source Files</Filter>
    </ClCompile>
    <ClCompile Include="..\vgui_MOTDWindow.cpp">
      <Filter>Source Files</Filter>
    </ClCompile>
    <ClCompile Include="..\vgui_SchemeManager.cpp">
      <Filter>Source Files</Filter>
    </ClCompile>
    <ClCompile Include="..\vgui_ScorePanel.cpp">
      <Filter>Source Files</Filter>
    </ClCompile>
    <ClCompile Include="..\vgui_ServerBrowser.cpp">
      <Filter>Source Files</Filter>
    </ClCompile>
    <ClCompile Include="..\vgui_SpectatorPanel.cpp">
      <Filter>Source Files</Filter>
    </ClCompile>
    <ClCompile Include="..\vgui_TeamFortressViewport.cpp">
      <Filter>Source Files</Filter>
    </ClCompile>
    <ClCompile Include="..\vgui_teammenu.cpp">
      <Filter>Source Files</Filter>
    </ClCompile>
    <ClCompile Include="..\view.cpp">
      <Filter>Source Files</Filter>
    </ClCompile>
    <ClCompile Include="..\..\dlls\crossbow.cpp">
      <Filter>Source Files\hl</Filter>
    </ClCompile>
    <ClCompile Include="..\..\dlls\crowbar.cpp">
      <Filter>Source Files\hl</Filter>
    </ClCompile>
    <ClCompile Include="..\..\dlls\egon.cpp">
      <Filter>Source Files\hl</Filter>
    </ClCompile>
    <ClCompile Include="..\ev_hldm.cpp">
      <Filter>Source Files\hl</Filter>
    </ClCompile>
    <ClCompile Include="..\..\dlls\gauss.cpp">
      <Filter>Source Files\hl</Filter>
    </ClCompile>
    <ClCompile Include="..\..\dlls\handgrenade.cpp">
      <Filter>Source Files\hl</Filter>
    </ClCompile>
    <ClCompile Include="..\hl\hl_baseentity.cpp">
      <Filter>Source Files\hl</Filter>
    </ClCompile>
    <ClCompile Include="..\hl\hl_events.cpp">
      <Filter>Source Files\hl</Filter>
    </ClCompile>
    <ClCompile Include="..\hl\hl_objects.cpp">
      <Filter>Source Files\hl</Filter>
    </ClCompile>
    <ClCompile Include="..\hl\hl_weapons.cpp">
      <Filter>Source Files\hl</Filter>
    </ClCompile>
    <ClCompile Include="..\..\dlls\wpn_shared\hl_wpn_glock.cpp">
      <Filter>Source Files\hl</Filter>
    </ClCompile>
    <ClCompile Include="..\..\dlls\hornetgun.cpp">
      <Filter>Source Files\hl</Filter>
    </ClCompile>
    <ClCompile Include="..\..\dlls\mp5.cpp">
      <Filter>Source Files\hl</Filter>
    </ClCompile>
    <ClCompile Include="..\..\dlls\python.cpp">
      <Filter>Source Files\hl</Filter>
    </ClCompile>
    <ClCompile Include="..\..\dlls\rpg.cpp">
      <Filter>Source Files\hl</Filter>
    </ClCompile>
    <ClCompile Include="..\..\dlls\satchel.cpp">
      <Filter>Source Files\hl</Filter>
    </ClCompile>
    <ClCompile Include="..\..\dlls\shotgun.cpp">
      <Filter>Source Files\hl</Filter>
    </ClCompile>
    <ClCompile Include="..\..\dlls\squeakgrenade.cpp">
      <Filter>Source Files\hl</Filter>
    </ClCompile>
    <ClCompile Include="..\..\dlls\tripmine.cpp">
      <Filter>Source Files\hl</Filter>
    </ClCompile>
    <ClCompile Include="..\..\game_shared\vgui_scrollbar2.cpp">
      <Filter>Source Files\hl</Filter>
    </ClCompile>
    <ClCompile Include="..\..\game_shared\vgui_slider2.cpp">
      <Filter>Source Files\hl</Filter>
    </ClCompile>
    <ClCompile Include="..\..\game_shared\voice_banmgr.cpp">
      <Filter>Source Files\hl</Filter>
    </ClCompile>
    <ClCompile Include="..\..\game_shared\voice_status.cpp">
      <Filter>Source Files\hl</Filter>
    </ClCompile>
    <ClCompile Include="..\..\dlls\com_utils.cpp">
      <Filter>Source Files</Filter>
    </ClCompile>
    <ClCompile Include="..\..\dlls\path.cpp">
      <Filter>Source Files</Filter>
    </ClCompile>
    <ClCompile Include="..\net.cpp">
      <Filter>Source Files</Filter>
    </ClCompile>
    <ClCompile Include="..\results.cpp">
      <Filter>Source Files</Filter>
    </ClCompile>
    <ClCompile Include="..\svc_messages.cpp">
      <Filter>Source Files</Filter>
    </ClCompile>
    <ClCompile Include="..\jpeg\jpge.cpp">
      <Filter>Source Files</Filter>
    </ClCompile>
    <ClCompile Include="..\..\dlls\pcre\pcre_chartables.c">
      <Filter>Source Files</Filter>
    </ClCompile>
    <ClCompile Include="..\..\dlls\pcre\pcre_compile.c">
      <Filter>Source Files</Filter>
    </ClCompile>
    <ClCompile Include="..\..\dlls\pcre\pcre_exec.c">
      <Filter>Source Files</Filter>
    </ClCompile>
    <ClCompile Include="..\..\dlls\pcre\pcre_globals.c">
      <Filter>Source Files</Filter>
    </ClCompile>
    <ClCompile Include="..\..\dlls\pcre\pcre_newline.c">
      <Filter>Source Files</Filter>
    </ClCompile>
    <ClCompile Include="..\..\dlls\pcre\pcre_tables.c">
      <Filter>Source Files</Filter>
    </ClCompile>
    <ClCompile Include="..\..\dlls\pcre\pcre_try_flipped.c">
      <Filter>Source Files</Filter>
    </ClCompile>
    <ClCompile Include="..\..\dlls\memory.cpp">
      <Filter>Source Files</Filter>
    </ClCompile>
    <ClCompile Include="..\aghudglobal.cpp">
      <Filter>Source Files</Filter>
    </ClCompile>
    <ClCompile Include="..\aghudcountdown.cpp">
      <Filter>Source Files</Filter>
    </ClCompile>
    <ClCompile Include="..\aghudctf.cpp">
      <Filter>Source Files</Filter>
    </ClCompile>
    <ClCompile Include="..\aghudlongjump.cpp">
      <Filter>Source Files</Filter>
    </ClCompile>
    <ClCompile Include="..\aghudnextmap.cpp">
      <Filter>Source Files</Filter>
    </ClCompile>
    <ClCompile Include="..\aghudplayerid.cpp">
      <Filter>Source Files</Filter>
    </ClCompile>
    <ClCompile Include="..\aghudsettings.cpp">
      <Filter>Source Files</Filter>
    </ClCompile>
    <ClCompile Include="..\aghudsuddendeath.cpp">
      <Filter>Source Files</Filter>
    </ClCompile>
    <ClCompile Include="..\aghudtimeout.cpp">
      <Filter>Source Files</Filter>
    </ClCompile>
    <ClCompile Include="..\aghudvote.cpp">
      <Filter>Source Files</Filter>
    </ClCompile>
    <ClCompile Include="..\aglocation.cpp">
      <Filter>Source Files</Filter>
    </ClCompile>
    <ClCompile Include="..\aghudlocation.cpp">
      <Filter>Source Files</Filter>
    </ClCompile>
    <ClCompile Include="..\CHudBase.cpp">
      <Filter>Source Files</Filter>
    </ClCompile>
    <ClCompile Include="..\CHudAmmo.cpp">
      <Filter>Source Files</Filter>
    </ClCompile>
    <ClCompile Include="..\CHudAmmoSecondary.cpp">
      <Filter>Source Files</Filter>
    </ClCompile>
    <ClCompile Include="..\CHudHealth.cpp">
      <Filter>Source Files</Filter>
    </ClCompile>
    <ClCompile Include="..\CHudGeiger.cpp">
      <Filter>Source Files</Filter>
    </ClCompile>
    <ClCompile Include="..\CHudTrain.cpp">
      <Filter>Source Files</Filter>
    </ClCompile>
    <ClCompile Include="..\CHudStatusBar.cpp">
      <Filter>Source Files</Filter>
    </ClCompile>
    <ClCompile Include="..\CHudDeathNotice.cpp">
      <Filter>Source Files</Filter>
    </ClCompile>
    <ClCompile Include="..\CHudMenu.cpp">
      <Filter>Source Files</Filter>
    </ClCompile>
    <ClCompile Include="..\CHudSayText.cpp">
      <Filter>Source Files</Filter>
    </ClCompile>
    <ClCompile Include="..\CHudBattery.cpp">
      <Filter>Source Files</Filter>
    </ClCompile>
    <ClCompile Include="..\CHudFlashlight.cpp">
      <Filter>Source Files</Filter>
    </ClCompile>
    <ClCompile Include="..\CHudTextMessage.cpp">
      <Filter>Source Files</Filter>
    </ClCompile>
    <ClCompile Include="..\CHudMessage.cpp">
      <Filter>Source Files</Filter>
    </ClCompile>
    <ClCompile Include="..\CHudTimer.cpp">
      <Filter>Source Files</Filter>
    </ClCompile>
    <ClCompile Include="..\CHudScores.cpp">
      <Filter>Source Files</Filter>
    </ClCompile>
    <ClCompile Include="..\CHudStatusIcons.cpp">
      <Filter>Source Files</Filter>
    </ClCompile>
    <ClCompile Include="..\CHudSpectator.cpp">
      <Filter>Source Files</Filter>
    </ClCompile>
    <ClCompile Include="..\CHud.cpp">
      <Filter>Source Files</Filter>
    </ClCompile>
    <ClCompile Include="..\..\public\interface.cpp">
      <Filter>public</Filter>
    </ClCompile>
    <ClCompile Include="..\..\public\math\interpolation.cpp">
      <Filter>public\math</Filter>
    </ClCompile>
    <ClCompile Include="..\..\public\math\mathlib.cpp">
      <Filter>public\math</Filter>
    </ClCompile>
    <ClCompile Include="..\..\source_sdk\common\randoverride.cpp">
      <Filter>source_sdk\common</Filter>
    </ClCompile>
    <ClCompile Include="..\..\source_sdk\public\tier0\memoverride.cpp">
      <Filter>source_sdk\public\tier0</Filter>
    </ClCompile>
    <ClCompile Include="..\..\source_sdk\public\vgui_controls\vgui_controls.cpp">
      <Filter>source_sdk\public\vgui_controls</Filter>
    </ClCompile>
    <ClCompile Include="..\..\source_sdk\public\FileSystem_Helpers.cpp">
      <Filter>source_sdk\public</Filter>
    </ClCompile>
    <ClCompile Include="..\vgui2\CBaseViewport.cpp">
      <Filter>vgui2</Filter>
    </ClCompile>
    <ClCompile Include="..\vgui2\CClientMOTD.cpp">
      <Filter>vgui2</Filter>
    </ClCompile>
    <ClCompile Include="..\vgui2\CClientVGUI.cpp">
      <Filter>vgui2</Filter>
    </ClCompile>
    <ClCompile Include="..\vgui2\CHudViewport.cpp">
      <Filter>vgui2</Filter>
    </ClCompile>
    <ClCompile Include="..\vgui2\KeyValuesCompat.cpp">
      <Filter>vgui2</Filter>
    </ClCompile>
    <ClCompile Include="..\vgui2\CBackGroundPanel.cpp">
      <Filter>vgui2</Filter>
    </ClCompile>
    <ClCompile Include="..\CScorePanel.cpp">
      <Filter>Source Files</Filter>
    </ClCompile>
  </ItemGroup>
  <ItemGroup>
    <ClInclude Include="..\ammo.h">
      <Filter>Header Files</Filter>
    </ClInclude>
    <ClInclude Include="..\ammohistory.h">
      <Filter>Header Files</Filter>
    </ClInclude>
    <ClInclude Include="..\camera.h">
      <Filter>Header Files</Filter>
    </ClInclude>
    <ClInclude Include="..\cl_dll.h">
      <Filter>Header Files</Filter>
    </ClInclude>
    <ClInclude Include="..\com_weapons.h">
      <Filter>Header Files</Filter>
    </ClInclude>
    <ClInclude Include="..\demo.h">
      <Filter>Header Files</Filter>
    </ClInclude>
    <ClInclude Include="..\ev_hldm.h">
      <Filter>Header Files</Filter>
    </ClInclude>
    <ClInclude Include="..\eventscripts.h">
      <Filter>Header Files</Filter>
    </ClInclude>
    <ClInclude Include="..\GameStudioModelRenderer.h">
      <Filter>Header Files</Filter>
    </ClInclude>
    <ClInclude Include="..\hud.h">
      <Filter>Header Files</Filter>
    </ClInclude>
    <ClInclude Include="..\hud_iface.h">
      <Filter>Header Files</Filter>
    </ClInclude>
    <ClInclude Include="..\hud_servers.h">
      <Filter>Header Files</Filter>
    </ClInclude>
    <ClInclude Include="..\hud_servers_priv.h">
      <Filter>Header Files</Filter>
    </ClInclude>
    <ClInclude Include="..\in_defs.h">
      <Filter>Header Files</Filter>
    </ClInclude>
    <ClInclude Include="..\kbutton.h">
      <Filter>Header Files</Filter>
    </ClInclude>
    <ClInclude Include="..\overview.h">
      <Filter>Header Files</Filter>
    </ClInclude>
    <ClInclude Include="..\parsemsg.h">
      <Filter>Header Files</Filter>
    </ClInclude>
    <ClInclude Include="..\..\pm_shared\pm_debug.h">
      <Filter>Header Files</Filter>
    </ClInclude>
    <ClInclude Include="..\..\pm_shared\pm_defs.h">
      <Filter>Header Files</Filter>
    </ClInclude>
    <ClInclude Include="..\..\pm_shared\pm_info.h">
      <Filter>Header Files</Filter>
    </ClInclude>
    <ClInclude Include="..\..\pm_shared\pm_materials.h">
      <Filter>Header Files</Filter>
    </ClInclude>
    <ClInclude Include="..\..\pm_shared\pm_movevars.h">
      <Filter>Header Files</Filter>
    </ClInclude>
    <ClInclude Include="..\..\pm_shared\pm_shared.h">
      <Filter>Header Files</Filter>
    </ClInclude>
    <ClInclude Include="..\studio_util.h">
      <Filter>Header Files</Filter>
    </ClInclude>
    <ClInclude Include="..\StudioModelRenderer.h">
      <Filter>Header Files</Filter>
    </ClInclude>
    <ClInclude Include="..\util_vector.h">
      <Filter>Header Files</Filter>
    </ClInclude>
    <ClInclude Include="..\vgui_ConsolePanel.h">
      <Filter>Header Files</Filter>
    </ClInclude>
    <ClInclude Include="..\vgui_ControlConfigPanel.h">
      <Filter>Header Files</Filter>
    </ClInclude>
    <ClInclude Include="..\vgui_int.h">
      <Filter>Header Files</Filter>
    </ClInclude>
    <ClInclude Include="..\vgui_SchemeManager.h">
      <Filter>Header Files</Filter>
    </ClInclude>
    <ClInclude Include="..\vgui_ScorePanel.h">
      <Filter>Header Files</Filter>
    </ClInclude>
    <ClInclude Include="..\vgui_ServerBrowser.h">
      <Filter>Header Files</Filter>
    </ClInclude>
    <ClInclude Include="..\vgui_SpectatorPanel.h">
      <Filter>Header Files</Filter>
    </ClInclude>
    <ClInclude Include="..\vgui_TeamFortressViewport.h">
      <Filter>Header Files</Filter>
    </ClInclude>
    <ClInclude Include="..\view.h">
      <Filter>Header Files</Filter>
    </ClInclude>
    <ClInclude Include="..\..\game_shared\voice_banmgr.h">
      <Filter>Header Files</Filter>
    </ClInclude>
    <ClInclude Include="..\..\game_shared\voice_status.h">
      <Filter>Header Files</Filter>
    </ClInclude>
    <ClInclude Include="..\..\game_shared\voice_vgui_tweakdlg.h">
      <Filter>Header Files</Filter>
    </ClInclude>
    <ClInclude Include="..\wrect.h">
      <Filter>Header Files</Filter>
    </ClInclude>
    <ClInclude Include="..\cl_util.h">
      <Filter>Header Files</Filter>
    </ClInclude>
    <ClInclude Include="..\..\dlls\com_utils.h">
      <Filter>Header Files</Filter>
    </ClInclude>
    <ClInclude Include="..\..\dlls\path.h">
      <Filter>Header Files</Filter>
    </ClInclude>
    <ClInclude Include="..\net.h">
      <Filter>Header Files</Filter>
    </ClInclude>
    <ClInclude Include="..\results.h">
      <Filter>Header Files</Filter>
    </ClInclude>
    <ClInclude Include="..\svc_messages.h">
      <Filter>Header Files</Filter>
    </ClInclude>
    <ClInclude Include="..\jpeg\jpge.h">
      <Filter>Header Files</Filter>
    </ClInclude>
    <ClInclude Include="..\..\dlls\pcre\config.h">
      <Filter>Header Files</Filter>
    </ClInclude>
    <ClInclude Include="..\..\dlls\pcre\pcre.h">
      <Filter>Header Files</Filter>
    </ClInclude>
    <ClInclude Include="..\..\dlls\pcre\pcre_internal.h">
      <Filter>Header Files</Filter>
    </ClInclude>
    <ClInclude Include="..\..\dlls\pcre\ucp.h">
      <Filter>Header Files</Filter>
    </ClInclude>
    <ClInclude Include="..\..\dlls\memory.h">
      <Filter>Header Files</Filter>
    </ClInclude>
    <ClInclude Include="resource.h">
      <Filter>Header Files</Filter>
    </ClInclude>
    <ClInclude Include="..\aghudglobal.h">
      <Filter>Header Files</Filter>
    </ClInclude>
    <ClInclude Include="..\aghudcountdown.h">
      <Filter>Header Files</Filter>
    </ClInclude>
    <ClInclude Include="..\aghudctf.h">
      <Filter>Header Files</Filter>
    </ClInclude>
    <ClInclude Include="..\aghudlongjump.h">
      <Filter>Header Files</Filter>
    </ClInclude>
    <ClInclude Include="..\aghudnextmap.h">
      <Filter>Header Files</Filter>
    </ClInclude>
    <ClInclude Include="..\aghudplayerid.h">
      <Filter>Header Files</Filter>
    </ClInclude>
    <ClInclude Include="..\aghudsettings.h">
      <Filter>Header Files</Filter>
    </ClInclude>
    <ClInclude Include="..\aghudsuddendeath.h">
      <Filter>Header Files</Filter>
    </ClInclude>
    <ClInclude Include="..\aghudtimeout.h">
      <Filter>Header Files</Filter>
    </ClInclude>
    <ClInclude Include="..\aghudvote.h">
      <Filter>Header Files</Filter>
    </ClInclude>
    <ClInclude Include="..\aglocation.h">
      <Filter>Header Files</Filter>
    </ClInclude>
    <ClInclude Include="..\aghudlocation.h">
      <Filter>Header Files</Filter>
    </ClInclude>
    <ClInclude Include="..\CHudBase.h">
      <Filter>Header Files</Filter>
    </ClInclude>
    <ClInclude Include="..\CHudSpectator.h">
      <Filter>Header Files</Filter>
    </ClInclude>
    <ClInclude Include="..\CHudAmmo.h">
      <Filter>Header Files</Filter>
    </ClInclude>
    <ClInclude Include="..\CHudAmmoSecondary.h">
      <Filter>Header Files</Filter>
    </ClInclude>
    <ClInclude Include="..\CHudHealth.h">
      <Filter>Header Files</Filter>
    </ClInclude>
    <ClInclude Include="..\CHudGeiger.h">
      <Filter>Header Files</Filter>
    </ClInclude>
    <ClInclude Include="..\CHudTrain.h">
      <Filter>Header Files</Filter>
    </ClInclude>
    <ClInclude Include="..\CHudStatusBar.h">
      <Filter>Header Files</Filter>
    </ClInclude>
    <ClInclude Include="..\CHudDeathNotice.h">
      <Filter>Header Files</Filter>
    </ClInclude>
    <ClInclude Include="..\CHudMenu.h">
      <Filter>Header Files</Filter>
    </ClInclude>
    <ClInclude Include="..\CHudSayText.h">
      <Filter>Header Files</Filter>
    </ClInclude>
    <ClInclude Include="..\CHudBattery.h">
      <Filter>Header Files</Filter>
    </ClInclude>
    <ClInclude Include="..\CHudFlashlight.h">
      <Filter>Header Files</Filter>
    </ClInclude>
    <ClInclude Include="..\CHudTextMessage.h">
      <Filter>Header Files</Filter>
    </ClInclude>
    <ClInclude Include="..\CHudMessage.h">
      <Filter>Header Files</Filter>
    </ClInclude>
    <ClInclude Include="..\CHudTimer.h">
      <Filter>Header Files</Filter>
    </ClInclude>
    <ClInclude Include="..\CHudScores.h">
      <Filter>Header Files</Filter>
    </ClInclude>
    <ClInclude Include="..\CHudStatusIcons.h">
      <Filter>Header Files</Filter>
    </ClInclude>
    <ClInclude Include="..\..\public\archtypes.h">
      <Filter>public</Filter>
    </ClInclude>
    <ClInclude Include="..\..\public\FileSystem.h">
      <Filter>public</Filter>
    </ClInclude>
    <ClInclude Include="..\..\public\interface.h">
      <Filter>public</Filter>
    </ClInclude>
    <ClInclude Include="..\..\public\keydefs.h">
      <Filter>public</Filter>
    </ClInclude>
    <ClInclude Include="..\..\public\particleman.h">
      <Filter>public</Filter>
    </ClInclude>
    <ClInclude Include="..\..\public\pman_particlemem.h">
      <Filter>public</Filter>
    </ClInclude>
    <ClInclude Include="..\..\public\pman_triangleffect.h">
      <Filter>public</Filter>
    </ClInclude>
    <ClInclude Include="..\..\public\math\interpolation.h">
      <Filter>public\math</Filter>
    </ClInclude>
    <ClInclude Include="..\..\public\math\mathlib.h">
      <Filter>public\math</Filter>
    </ClInclude>
    <ClInclude Include="..\..\public\math\Matrix3x4.h">
      <Filter>public\math</Filter>
    </ClInclude>
    <ClInclude Include="..\..\public\math\vector.h">
      <Filter>public\math</Filter>
    </ClInclude>
    <ClInclude Include="..\..\source_sdk\common\ifilesystemopendialog.h">
      <Filter>source_sdk\common</Filter>
    </ClInclude>
    <ClInclude Include="..\..\source_sdk\public\tier0\tslist.h">
      <Filter>source_sdk\public\tier0</Filter>
    </ClInclude>
    <ClInclude Include="..\..\source_sdk\public\tier0\validator.h">
      <Filter>source_sdk\public\tier0</Filter>
    </ClInclude>
    <ClInclude Include="..\..\source_sdk\public\tier0\valobject.h">
      <Filter>source_sdk\public\tier0</Filter>
    </ClInclude>
    <ClInclude Include="..\..\source_sdk\public\tier0\valve_off.h">
      <Filter>source_sdk\public\tier0</Filter>
    </ClInclude>
    <ClInclude Include="..\..\source_sdk\public\tier0\valve_on.h">
      <Filter>source_sdk\public\tier0</Filter>
    </ClInclude>
    <ClInclude Include="..\..\source_sdk\public\tier0\vcr_shared.h">
      <Filter>source_sdk\public\tier0</Filter>
    </ClInclude>
    <ClInclude Include="..\..\source_sdk\public\tier0\vcrmode.h">
      <Filter>source_sdk\public\tier0</Filter>
    </ClInclude>
    <ClInclude Include="..\..\source_sdk\public\tier0\vprof.h">
      <Filter>source_sdk\public\tier0</Filter>
    </ClInclude>
    <ClInclude Include="..\..\source_sdk\public\tier0\wchartypes.h">
      <Filter>source_sdk\public\tier0</Filter>
    </ClInclude>
    <ClInclude Include="..\..\source_sdk\public\tier0\xbox_codeline_defines.h">
      <Filter>source_sdk\public\tier0</Filter>
    </ClInclude>
    <ClInclude Include="..\..\source_sdk\public\tier0\basetypes.h">
      <Filter>source_sdk\public\tier0</Filter>
    </ClInclude>
    <ClInclude Include="..\..\source_sdk\public\tier0\commonmacros.h">
      <Filter>source_sdk\public\tier0</Filter>
    </ClInclude>
    <ClInclude Include="..\..\source_sdk\public\tier0\dbg.h">
      <Filter>source_sdk\public\tier0</Filter>
    </ClInclude>
    <ClInclude Include="..\..\source_sdk\public\tier0\dbgflag.h">
      <Filter>source_sdk\public\tier0</Filter>
    </ClInclude>
    <ClInclude Include="..\..\source_sdk\public\tier0\eventmasks.h">
      <Filter>source_sdk\public\tier0</Filter>
    </ClInclude>
    <ClInclude Include="..\..\source_sdk\public\tier0\eventmodes.h">
      <Filter>source_sdk\public\tier0</Filter>
    </ClInclude>
    <ClInclude Include="..\..\source_sdk\public\tier0\fasttimer.h">
      <Filter>source_sdk\public\tier0</Filter>
    </ClInclude>
    <ClInclude Include="..\..\source_sdk\public\tier0\ia32detect.h">
      <Filter>source_sdk\public\tier0</Filter>
    </ClInclude>
    <ClInclude Include="..\..\source_sdk\public\tier0\icommandline.h">
      <Filter>source_sdk\public\tier0</Filter>
    </ClInclude>
    <ClInclude Include="..\..\source_sdk\public\tier0\ioctlcodes.h">
      <Filter>source_sdk\public\tier0</Filter>
    </ClInclude>
    <ClInclude Include="..\..\source_sdk\public\tier0\k8performancecounters.h">
      <Filter>source_sdk\public\tier0</Filter>
    </ClInclude>
    <ClInclude Include="..\..\source_sdk\public\tier0\l2cache.h">
      <Filter>source_sdk\public\tier0</Filter>
    </ClInclude>
    <ClInclude Include="..\..\source_sdk\public\tier0\mem.h">
      <Filter>source_sdk\public\tier0</Filter>
    </ClInclude>
    <ClInclude Include="..\..\source_sdk\public\tier0\memalloc.h">
      <Filter>source_sdk\public\tier0</Filter>
    </ClInclude>
    <ClInclude Include="..\..\source_sdk\public\tier0\memdbgoff.h">
      <Filter>source_sdk\public\tier0</Filter>
    </ClInclude>
    <ClInclude Include="..\..\source_sdk\public\tier0\memdbgon.h">
      <Filter>source_sdk\public\tier0</Filter>
    </ClInclude>
    <ClInclude Include="..\..\source_sdk\public\tier0\minidump.h">
      <Filter>source_sdk\public\tier0</Filter>
    </ClInclude>
    <ClInclude Include="..\..\source_sdk\public\tier0\p4performancecounters.h">
      <Filter>source_sdk\public\tier0</Filter>
    </ClInclude>
    <ClInclude Include="..\..\source_sdk\public\tier0\p5p6performancecounters.h">
      <Filter>source_sdk\public\tier0</Filter>
    </ClInclude>
    <ClInclude Include="..\..\source_sdk\public\tier0\platform.h">
      <Filter>source_sdk\public\tier0</Filter>
    </ClInclude>
    <ClInclude Include="..\..\source_sdk\public\tier0\pmelib.h">
      <Filter>source_sdk\public\tier0</Filter>
    </ClInclude>
    <ClInclude Include="..\..\source_sdk\public\tier0\protected_things.h">
      <Filter>source_sdk\public\tier0</Filter>
    </ClInclude>
    <ClInclude Include="..\..\source_sdk\public\tier0\testthread.h">
      <Filter>source_sdk\public\tier0</Filter>
    </ClInclude>
    <ClInclude Include="..\..\source_sdk\public\tier0\threadtools.h">
      <Filter>source_sdk\public\tier0</Filter>
    </ClInclude>
    <ClInclude Include="..\..\source_sdk\public\vgui_controls\CheckButtonList.h">
      <Filter>source_sdk\public\vgui_controls</Filter>
    </ClInclude>
    <ClInclude Include="..\..\source_sdk\public\vgui_controls\ComboBox.h">
      <Filter>source_sdk\public\vgui_controls</Filter>
    </ClInclude>
    <ClInclude Include="..\..\source_sdk\public\vgui_controls\Controls.h">
      <Filter>source_sdk\public\vgui_controls</Filter>
    </ClInclude>
    <ClInclude Include="..\..\source_sdk\public\vgui_controls\DialogManager.h">
      <Filter>source_sdk\public\vgui_controls</Filter>
    </ClInclude>
    <ClInclude Include="..\..\source_sdk\public\vgui_controls\DirectorySelectDialog.h">
      <Filter>source_sdk\public\vgui_controls</Filter>
    </ClInclude>
    <ClInclude Include="..\..\source_sdk\public\vgui_controls\Divider.h">
      <Filter>source_sdk\public\vgui_controls</Filter>
    </ClInclude>
    <ClInclude Include="..\..\source_sdk\public\vgui_controls\EditablePanel.h">
      <Filter>source_sdk\public\vgui_controls</Filter>
    </ClInclude>
    <ClInclude Include="..\..\source_sdk\public\vgui_controls\ExpandButton.h">
      <Filter>source_sdk\public\vgui_controls</Filter>
    </ClInclude>
    <ClInclude Include="..\..\source_sdk\public\vgui_controls\FileOpenDialog.h">
      <Filter>source_sdk\public\vgui_controls</Filter>
    </ClInclude>
    <ClInclude Include="..\..\source_sdk\public\vgui_controls\FocusNavGroup.h">
      <Filter>source_sdk\public\vgui_controls</Filter>
    </ClInclude>
    <ClInclude Include="..\..\source_sdk\public\vgui_controls\Frame.h">
      <Filter>source_sdk\public\vgui_controls</Filter>
    </ClInclude>
    <ClInclude Include="..\..\source_sdk\public\vgui_controls\GraphPanel.h">
      <Filter>source_sdk\public\vgui_controls</Filter>
    </ClInclude>
    <ClInclude Include="..\..\source_sdk\public\vgui_controls\HTML.h">
      <Filter>source_sdk\public\vgui_controls</Filter>
    </ClInclude>
    <ClInclude Include="..\..\source_sdk\public\vgui_controls\Image.h">
      <Filter>source_sdk\public\vgui_controls</Filter>
    </ClInclude>
    <ClInclude Include="..\..\source_sdk\public\vgui_controls\ImageList.h">
      <Filter>source_sdk\public\vgui_controls</Filter>
    </ClInclude>
    <ClInclude Include="..\..\source_sdk\public\vgui_controls\ImagePanel.h">
      <Filter>source_sdk\public\vgui_controls</Filter>
    </ClInclude>
    <ClInclude Include="..\..\source_sdk\public\vgui_controls\InputDialog.h">
      <Filter>source_sdk\public\vgui_controls</Filter>
    </ClInclude>
    <ClInclude Include="..\..\source_sdk\public\vgui_controls\KeyBindingHelpDialog.h">
      <Filter>source_sdk\public\vgui_controls</Filter>
    </ClInclude>
    <ClInclude Include="..\..\source_sdk\public\vgui_controls\KeyBindingMap.h">
      <Filter>source_sdk\public\vgui_controls</Filter>
    </ClInclude>
    <ClInclude Include="..\..\source_sdk\public\vgui_controls\KeyBoardEditorDialog.h">
      <Filter>source_sdk\public\vgui_controls</Filter>
    </ClInclude>
    <ClInclude Include="..\..\source_sdk\public\vgui_controls\Label.h">
      <Filter>source_sdk\public\vgui_controls</Filter>
    </ClInclude>
    <ClInclude Include="..\..\source_sdk\public\vgui_controls\ListPanel.h">
      <Filter>source_sdk\public\vgui_controls</Filter>
    </ClInclude>
    <ClInclude Include="..\..\source_sdk\public\vgui_controls\ListViewPanel.h">
      <Filter>source_sdk\public\vgui_controls</Filter>
    </ClInclude>
    <ClInclude Include="..\..\source_sdk\public\vgui_controls\Menu.h">
      <Filter>source_sdk\public\vgui_controls</Filter>
    </ClInclude>
    <ClInclude Include="..\..\source_sdk\public\vgui_controls\MenuBar.h">
      <Filter>source_sdk\public\vgui_controls</Filter>
    </ClInclude>
    <ClInclude Include="..\..\source_sdk\public\vgui_controls\MenuButton.h">
      <Filter>source_sdk\public\vgui_controls</Filter>
    </ClInclude>
    <ClInclude Include="..\..\source_sdk\public\vgui_controls\MenuItem.h">
      <Filter>source_sdk\public\vgui_controls</Filter>
    </ClInclude>
    <ClInclude Include="..\..\source_sdk\public\vgui_controls\MessageBox.h">
      <Filter>source_sdk\public\vgui_controls</Filter>
    </ClInclude>
    <ClInclude Include="..\..\source_sdk\public\vgui_controls\MessageMap.h">
      <Filter>source_sdk\public\vgui_controls</Filter>
    </ClInclude>
    <ClInclude Include="..\..\source_sdk\public\vgui_controls\Panel.h">
      <Filter>source_sdk\public\vgui_controls</Filter>
    </ClInclude>
    <ClInclude Include="..\..\source_sdk\public\vgui_controls\PanelAnimationVar.h">
      <Filter>source_sdk\public\vgui_controls</Filter>
    </ClInclude>
    <ClInclude Include="..\..\source_sdk\public\vgui_controls\PanelListPanel.h">
      <Filter>source_sdk\public\vgui_controls</Filter>
    </ClInclude>
    <ClInclude Include="..\..\source_sdk\public\vgui_controls\pch_vgui_controls.h">
      <Filter>source_sdk\public\vgui_controls</Filter>
    </ClInclude>
    <ClInclude Include="..\..\source_sdk\public\vgui_controls\PHandle.h">
      <Filter>source_sdk\public\vgui_controls</Filter>
    </ClInclude>
    <ClInclude Include="..\..\source_sdk\public\vgui_controls\ProgressBar.h">
      <Filter>source_sdk\public\vgui_controls</Filter>
    </ClInclude>
    <ClInclude Include="..\..\source_sdk\public\vgui_controls\ProgressBox.h">
      <Filter>source_sdk\public\vgui_controls</Filter>
    </ClInclude>
    <ClInclude Include="..\..\source_sdk\public\vgui_controls\PropertyDialog.h">
      <Filter>source_sdk\public\vgui_controls</Filter>
    </ClInclude>
    <ClInclude Include="..\..\source_sdk\public\vgui_controls\PropertyPage.h">
      <Filter>source_sdk\public\vgui_controls</Filter>
    </ClInclude>
    <ClInclude Include="..\..\source_sdk\public\vgui_controls\PropertySheet.h">
      <Filter>source_sdk\public\vgui_controls</Filter>
    </ClInclude>
    <ClInclude Include="..\..\source_sdk\public\vgui_controls\QueryBox.h">
      <Filter>source_sdk\public\vgui_controls</Filter>
    </ClInclude>
    <ClInclude Include="..\..\source_sdk\public\vgui_controls\RadioButton.h">
      <Filter>source_sdk\public\vgui_controls</Filter>
    </ClInclude>
    <ClInclude Include="..\..\source_sdk\public\vgui_controls\RichText.h">
      <Filter>source_sdk\public\vgui_controls</Filter>
    </ClInclude>
    <ClInclude Include="..\..\source_sdk\public\vgui_controls\ScrollBar.h">
      <Filter>source_sdk\public\vgui_controls</Filter>
    </ClInclude>
    <ClInclude Include="..\..\source_sdk\public\vgui_controls\ScrollBarSlider.h">
      <Filter>source_sdk\public\vgui_controls</Filter>
    </ClInclude>
    <ClInclude Include="..\..\source_sdk\public\vgui_controls\SectionedListPanel.h">
      <Filter>source_sdk\public\vgui_controls</Filter>
    </ClInclude>
    <ClInclude Include="..\..\source_sdk\public\vgui_controls\Slider.h">
      <Filter>source_sdk\public\vgui_controls</Filter>
    </ClInclude>
    <ClInclude Include="..\..\source_sdk\public\vgui_controls\Splitter.h">
      <Filter>source_sdk\public\vgui_controls</Filter>
    </ClInclude>
    <ClInclude Include="..\..\source_sdk\public\vgui_controls\TextEntry.h">
      <Filter>source_sdk\public\vgui_controls</Filter>
    </ClInclude>
    <ClInclude Include="..\..\source_sdk\public\vgui_controls\TextImage.h">
      <Filter>source_sdk\public\vgui_controls</Filter>
    </ClInclude>
    <ClInclude Include="..\..\source_sdk\public\vgui_controls\ToggleButton.h">
      <Filter>source_sdk\public\vgui_controls</Filter>
    </ClInclude>
    <ClInclude Include="..\..\source_sdk\public\vgui_controls\Tooltip.h">
      <Filter>source_sdk\public\vgui_controls</Filter>
    </ClInclude>
    <ClInclude Include="..\..\source_sdk\public\vgui_controls\ToolWindow.h">
      <Filter>source_sdk\public\vgui_controls</Filter>
    </ClInclude>
    <ClInclude Include="..\..\source_sdk\public\vgui_controls\TreeView.h">
      <Filter>source_sdk\public\vgui_controls</Filter>
    </ClInclude>
    <ClInclude Include="..\..\source_sdk\public\vgui_controls\TreeViewListControl.h">
      <Filter>source_sdk\public\vgui_controls</Filter>
    </ClInclude>
    <ClInclude Include="..\..\source_sdk\public\vgui_controls\URLLabel.h">
      <Filter>source_sdk\public\vgui_controls</Filter>
    </ClInclude>
    <ClInclude Include="..\..\source_sdk\public\vgui_controls\WizardPanel.h">
      <Filter>source_sdk\public\vgui_controls</Filter>
    </ClInclude>
    <ClInclude Include="..\..\source_sdk\public\vgui_controls\WizardSubPanel.h">
      <Filter>source_sdk\public\vgui_controls</Filter>
    </ClInclude>
    <ClInclude Include="..\..\source_sdk\public\vgui_controls\AnimatingImagePanel.h">
      <Filter>source_sdk\public\vgui_controls</Filter>
    </ClInclude>
    <ClInclude Include="..\..\source_sdk\public\vgui_controls\AnimationController.h">
      <Filter>source_sdk\public\vgui_controls</Filter>
    </ClInclude>
    <ClInclude Include="..\..\source_sdk\public\vgui_controls\BitmapImagePanel.h">
      <Filter>source_sdk\public\vgui_controls</Filter>
    </ClInclude>
    <ClInclude Include="..\..\source_sdk\public\vgui_controls\BuildGroup.h">
      <Filter>source_sdk\public\vgui_controls</Filter>
    </ClInclude>
    <ClInclude Include="..\..\source_sdk\public\vgui_controls\BuildModeDialog.h">
      <Filter>source_sdk\public\vgui_controls</Filter>
    </ClInclude>
    <ClInclude Include="..\..\source_sdk\public\vgui_controls\Button.h">
      <Filter>source_sdk\public\vgui_controls</Filter>
    </ClInclude>
    <ClInclude Include="..\..\source_sdk\public\vgui_controls\CheckButton.h">
      <Filter>source_sdk\public\vgui_controls</Filter>
    </ClInclude>
    <ClInclude Include="..\..\source_sdk\public\coordsize.h">
      <Filter>source_sdk\public</Filter>
    </ClInclude>
    <ClInclude Include="..\..\source_sdk\public\datamap.h">
      <Filter>source_sdk\public</Filter>
    </ClInclude>
    <ClInclude Include="..\..\source_sdk\public\FileSystem_Helpers.h">
      <Filter>source_sdk\public</Filter>
    </ClInclude>
    <ClInclude Include="..\..\source_sdk\public\ICVar.h">
      <Filter>source_sdk\public</Filter>
    </ClInclude>
    <ClInclude Include="..\..\source_sdk\public\mathlib.h">
      <Filter>source_sdk\public</Filter>
    </ClInclude>
    <ClInclude Include="..\..\source_sdk\public\OfflineMode.h">
      <Filter>source_sdk\public</Filter>
    </ClInclude>
    <ClInclude Include="..\..\source_sdk\public\SDK_Color.h">
      <Filter>source_sdk\public</Filter>
    </ClInclude>
    <ClInclude Include="..\..\source_sdk\public\Vector.h">
      <Filter>source_sdk\public</Filter>
    </ClInclude>
    <ClInclude Include="..\..\source_sdk\public\Vector2D.h">
      <Filter>source_sdk\public</Filter>
    </ClInclude>
    <ClInclude Include="..\..\source_sdk\public\winlite.h">
      <Filter>source_sdk\public</Filter>
    </ClInclude>
    <ClInclude Include="..\..\source_sdk\public\worldsize.h">
      <Filter>source_sdk\public</Filter>
    </ClInclude>
    <ClInclude Include="..\..\source_sdk\public\basetypes.h">
      <Filter>source_sdk\public</Filter>
    </ClInclude>
    <ClInclude Include="..\..\source_sdk\public\commonmacros.h">
      <Filter>source_sdk\public</Filter>
    </ClInclude>
    <ClInclude Include="..\vgui2\CBackGroundPanel.h">
      <Filter>vgui2</Filter>
    </ClInclude>
    <ClInclude Include="..\vgui2\CBaseViewport.h">
      <Filter>vgui2</Filter>
    </ClInclude>
    <ClInclude Include="..\vgui2\CClientMOTD.h">
      <Filter>vgui2</Filter>
    </ClInclude>
    <ClInclude Include="..\vgui2\CClientVGUI.h">
      <Filter>vgui2</Filter>
    </ClInclude>
    <ClInclude Include="..\vgui2\CHudViewport.h">
      <Filter>vgui2</Filter>
    </ClInclude>
    <ClInclude Include="..\vgui2\IViewport.h">
      <Filter>vgui2</Filter>
    </ClInclude>
    <ClInclude Include="..\vgui2\IViewportPanel.h">
      <Filter>vgui2</Filter>
    </ClInclude>
    <ClInclude Include="..\vgui2\KeyValuesCompat.h">
      <Filter>vgui2</Filter>
    </ClInclude>
    <ClInclude Include="..\vgui2\VGUI2Paths.h">
      <Filter>vgui2</Filter>
    </ClInclude>
    <ClInclude Include="..\vgui2\ViewportPanelNames.h">
      <Filter>vgui2</Filter>
    </ClInclude>
    <ClInclude Include="..\CScorePanel.h">
      <Filter>Header Files</Filter>
    </ClInclude>
    <ClInclude Include="..\CGameInfo.h">
      <Filter>Header Files</Filter>
    </ClInclude>
  </ItemGroup>
  <ItemGroup>
    <ResourceCompile Include="client.rc">
      <Filter>Source Files</Filter>
    </ResourceCompile>
  </ItemGroup>
</Project>